
Microsoft Visual Studio Solution File, Format Version 10.00
# Visual Studio 2008
Project("{D183A3D8-5FD8-494B-B014-37F57B35E655}") = "ATVContraloria", "ATVContraloria.dtproj", "{69FF4BC8-651C-4B97-B9F9-039D09A6CC01}"
EndProject
Global
	GlobalSection(SolutionConfigurationPlatforms) = preSolution
		Development|Default = Development|Default
	EndGlobalSection
	GlobalSection(ProjectConfigurationPlatforms) = postSolution
		{69FF4BC8-651C-4B97-B9F9-039D09A6CC01}.Development|Default.ActiveCfg = Development
		{69FF4BC8-651C-4B97-B9F9-039D09A6CC01}.Development|Default.Build.0 = Development
	EndGlobalSection
	GlobalSection(SolutionProperties) = preSolution
		HideSolutionNode = FALSE
	EndGlobalSection
EndGlobal
